
Microsoft Visual Studio Solution File, Format Version 12.00
# Visual Studio Version 17
VisualStudioVersion = 17.0.31912.275
MinimumVisualStudioVersion = 10.0.40219.1
Project("{FAE04EC0-301F-11D3-BF4B-00C04F79EFBC}") = "ToDoList", "ToDoList\ToDoList.csproj", "{72CE0576-6D9D-4C25-892C-19B6D605F6BB}"
EndProject
Project("{2150E333-8FDC-42A3-9474-1A3956D46DE8}") = "SolutionItems", "SolutionItems", "{B09CD945-EEBC-49BB-9412-12161538D5C7}"
	ProjectSection(SolutionItems) = preProject
		.gitattributes = .gitattributes
		.gitignore = .gitignore
		CODEOWNERS = CODEOWNERS
		LICENSE = LICENSE
		README.md = README.md
	EndProjectSection
EndProject
Project("{54435603-DBB4-11D2-8724-00A0C9A8B90C}") = "ToDoListInstaller", "ToDoListInstaller\ToDoListInstaller.vdproj", "{259B2999-9CBC-4ABF-A845-9BF587084BAC}"
EndProject
Global
	GlobalSection(SolutionConfigurationPlatforms) = preSolution
		Debug|Any CPU = Debug|Any CPU
		Release|Any CPU = Release|Any CPU
	EndGlobalSection
	GlobalSection(ProjectConfigurationPlatforms) = postSolution
		{72CE0576-6D9D-4C25-892C-19B6D605F6BB}.Debug|Any CPU.ActiveCfg = Debug|Any CPU
		{72CE0576-6D9D-4C25-892C-19B6D605F6BB}.Debug|Any CPU.Build.0 = Debug|Any CPU
		{72CE0576-6D9D-4C25-892C-19B6D605F6BB}.Release|Any CPU.ActiveCfg = Release|Any CPU
		{72CE0576-6D9D-4C25-892C-19B6D605F6BB}.Release|Any CPU.Build.0 = Release|Any CPU
		{259B2999-9CBC-4ABF-A845-9BF587084BAC}.Debug|Any CPU.ActiveCfg = Debug
		{259B2999-9CBC-4ABF-A845-9BF587084BAC}.Release|Any CPU.ActiveCfg = Release
	EndGlobalSection
	GlobalSection(SolutionProperties) = preSolution
		HideSolutionNode = FALSE
	EndGlobalSection
	GlobalSection(ExtensibilityGlobals) = postSolution
		SolutionGuid = {E9C2DE80-4784-4058-A2DE-6485AC226735}
	EndGlobalSection
EndGlobal
